
Microsoft Visual Studio Solution File, Format Version 12.00
# Visual Studio Version 17
VisualStudioVersion = 17.14.36301.6 d17.14
MinimumVisualStudioVersion = 10.0.40219.1
Project("{FAE04EC0-301F-11D3-BF4B-00C04F79EFBC}") = "12-Monogame Summative-Breakout", "12-Monogame Summative-Breakout.csproj", "{9761E0DB-8CB1-45D0-AE09-E3CD442B3133}"
EndProject
Global
	GlobalSection(SolutionConfigurationPlatforms) = preSolution
		Debug|Any CPU = Debug|Any CPU
		Release|Any CPU = Release|Any CPU
	EndGlobalSection
	GlobalSection(ProjectConfigurationPlatforms) = postSolution
		{9761E0DB-8CB1-45D0-AE09-E3CD442B3133}.Debug|Any CPU.ActiveCfg = Debug|Any CPU
		{9761E0DB-8CB1-45D0-AE09-E3CD442B3133}.Debug|Any CPU.Build.0 = Debug|Any CPU
		{9761E0DB-8CB1-45D0-AE09-E3CD442B3133}.Release|Any CPU.ActiveCfg = Release|Any CPU
		{9761E0DB-8CB1-45D0-AE09-E3CD442B3133}.Release|Any CPU.Build.0 = Release|Any CPU
	EndGlobalSection
	GlobalSection(SolutionProperties) = preSolution
		HideSolutionNode = FALSE
	EndGlobalSection
	GlobalSection(ExtensibilityGlobals) = postSolution
		SolutionGuid = {C3883EED-EF33-46F3-AA1D-C8A9A4826875}
	EndGlobalSection
EndGlobal
